{
  "name": "component-extend-poc",
  "version": "0.0.1",
  "lockfileVersion": 1,
  "requires": true,
  "dependencies": {
    "@stencil/core": {
      "version": "git+ssh://https://github.com/ionic-team/stencil.git#78497cacefe8bb39d6b6a5377f4f216b9594c659",
      "from": "git+ssh://https://github.com/ionic-team/stencil.git#master"
    },
    "@stencil/sass": {
      "version": "1.4.1",
      "resolved": "https://registry.npmjs.org/@stencil/sass/-/sass-1.4.1.tgz",
      "integrity": "sha512-aFKoqtxZ/8BRbvNFiWRycGiqvMI22Ifn5qsKfq0U23j43XD81jT6d7K0WQd55ejNpoSpdxJcbOuFgQy3mXizfA=="
    }
  }
}
